# Generated by pub
# See https://dart.dev/tools/pub/glossary#lockfile
packages:
  flutter_rust_bridge:
    dependency: "direct main"
    description:
      name: flutter_rust_bridge
      url: "https://pub.dartlang.org"
    source: hosted
    version: "1.0.3"
  lints:
    dependency: "direct dev"
    description:
      name: lints
      url: "https://pub.dartlang.org"
    source: hosted
    version: "1.0.1"
  meta:
    dependency: transitive
    description:
      name: meta
      url: "https://pub.dartlang.org"
    source: hosted
    version: "1.7.0"
sdks:
  dart: ">=2.14.3 <3.0.0"
